// !$*UTF8*$!
{
	archiveVersion = 1;
	classes = {
	};
	objectVersion = 48;
	objects = {

/* Begin PBXBuildFile section */
		AE9B68A7212D6762008017C0 /* UserDetails.swift in Sources */ = {isa = PBXBuildFile; fileRef = AE9B68A6212D6761008017C0 /* UserDetails.swift */; };
		AED036F6212C288000204023 /* AppDelegate.swift in Sources */ = {isa = PBXBuildFile; fileRef = AED036F5212C288000204023 /* AppDelegate.swift */; };
		AED036F8212C288000204023 /* ViewController.swift in Sources */ = {isa = PBXBuildFile; fileRef = AED036F7212C288000204023 /* ViewController.swift */; };
		AED036FB212C288000204023 /* Main.storyboard in Resources */ = {isa = PBXBuildFile; fileRef = AED036F9212C288000204023 /* Main.storyboard */; };
		AED036FD212C288000204023 /* Assets.xcassets in Resources */ = {isa = PBXBuildFile; fileRef = AED036FC212C288000204023 /* Assets.xcassets */; };
		AED03700212C288000204023 /* LaunchScreen.storyboard in Resources */ = {isa = PBXBuildFile; fileRef = AED036FE212C288000204023 /* LaunchScreen.storyboard */; };
		EE2C1AC7A3B7D37B6A2DD5C0 /* Pods_DetailView.framework in Frameworks */ = {isa = PBXBuildFile; fileRef = 5C11F2C600DDD6461AF1FECE /* Pods_DetailView.framework */; };
/* End PBXBuildFile section */

/* Begin PBXFileReference section */
		3FE7A96CA219E5E554C4CBDF /* Pods-DetailView.release.xcconfig */ = {isa = PBXFileReference; includeInIndex = 1; lastKnownFileType = text.xcconfig; name = "Pods-DetailView.release.xcconfig"; path = "Pods/Target Support Files/Pods-DetailView/Pods-DetailView.release.xcconfig"; sourceTree = "<group>"; };
		5C11F2C600DDD6461AF1FECE /* Pods_DetailView.framework */ = {isa = PBXFileReference; explicitFileType = wrapper.framework; includeInIndex = 0; path = Pods_DetailView.framework; sourceTree = BUILT_PRODUCTS_DIR; };
		AE9B68A6212D6761008017C0 /* UserDetails.swift */ = {isa = PBXFileReference; fileEncoding = 4; lastKnownFileType = sourcecode.swift; path = UserDetails.swift; sourceTree = "<group>"; };
		AED036F2212C288000204023 /* DetailView.app */ = {isa = PBXFileReference; explicitFileType = wrapper.application; includeInIndex = 0; path = DetailView.app; sourceTree = BUILT_PRODUCTS_DIR; };
		AED036F5212C288000204023 /* AppDelegate.swift */ = {isa = PBXFileReference; lastKnownFileType = sourcecode.swift; path = AppDelegate.swift; sourceTree = "<group>"; };
		AED036F7212C288000204023 /* ViewController.swift */ = {isa = PBXFileReference; lastKnownFileType = sourcecode.swift; path = ViewController.swift; sourceTree = "<group>"; };
		AED036FA212C288000204023 /* Base */ = {isa = PBXFileReference; lastKnownFileType = file.storyboard; name = Base; path = Base.lproj/Main.storyboard; sourceTree = "<group>"; };
		AED036FC212C288000204023 /* Assets.xcassets */ = {isa = PBXFileReference; lastKnownFileType = folder.assetcatalog; path = Assets.xcassets; sourceTree = "<group>"; };
		AED036FF212C288000204023 /* Base */ = {isa = PBXFileReference; lastKnownFileType = file.storyboard; name = Base; path = Base.lproj/LaunchScreen.storyboard; sourceTree = "<group>"; };
		AED03701212C288000204023 /* Info.plist */ = {isa = PBXFileReference; lastKnownFileType = text.plist.xml; path = Info.plist; sourceTree = "<group>"; };
		F697315F2C19EF1F061ED3A3 /* Pods-DetailView.debug.xcconfig */ = {isa = PBXFileReference; includeInIndex = 1; lastKnownFileType = text.xcconfig; name = "Pods-DetailView.debug.xcconfig"; path = "Pods/Target Support Files/Pods-DetailView/Pods-DetailView.debug.xcconfig"; sourceTree = "<group>"; };
/* End PBXFileReference section */

/* Begin PBXFrameworksBuildPhase section */
		AED036EF212C288000204023 /* Frameworks */ = {
			isa = PBXFrameworksBuildPhase;
			buildActionMask = 2147483647;
			files = (
				EE2C1AC7A3B7D37B6A2DD5C0 /* Pods_DetailView.framework in Frameworks */,
			);
			runOnlyForDeploymentPostprocessing = 0;
		};
/* End PBXFrameworksBuildPhase section */

/* Begin PBXGroup section */
		1AF0000016C0FF8090AE61BB /* Pods */ = {
			isa = PBXGroup;
			children = (
				F697315F2C19EF1F061ED3A3 /* Pods-DetailView.debug.xcconfig */,
				3FE7A96CA219E5E554C4CBDF /* Pods-DetailView.release.xcconfig */,
			);
			name = Pods;
			sourceTree = "<group>";
		};
		AED036E9212C287F00204023 = {
			isa = PBXGroup;
			children = (
				AED036F4212C288000204023 /* DetailView */,
				AED036F3212C288000204023 /* Products */,
				1AF0000016C0FF8090AE61BB /* Pods */,
				AFF8D4D0E2F6B85933A6BA07 /* Frameworks */,
			);
			sourceTree = "<group>";
		};
		AED036F3212C288000204023 /* Products */ = {
			isa = PBXGroup;
			children = (
				AED036F2212C288000204023 /* DetailView.app */,
			);
			name = Products;
			sourceTree = "<group>";
		};
		AED036F4212C288000204023 /* DetailView */ = {
			isa = PBXGroup;
			children = (
				AED036F5212C288000204023 /* AppDelegate.swift */,
				AED036F7212C288000204023 /* ViewController.swift */,
				AE9B68A6212D6761008017C0 /* UserDetails.swift */,
				AED036F9212C288000204023 /* Main.storyboard */,
				AED036FC212C288000204023 /* Assets.xcassets */,
				AED036FE212C288000204023 /* LaunchScreen.storyboard */,
				AED03701212C288000204023 /* Info.plist */,
			);
			path = DetailView;
			sourceTree = "<group>";
		};
		AFF8D4D0E2F6B85933A6BA07 /* Frameworks */ = {
			isa = PBXGroup;
			children = (
				5C11F2C600DDD6461AF1FECE /* Pods_DetailView.framework */,
			);
			name = Frameworks;
			sourceTree = "<group>";
		};
/* End PBXGroup section */

/* Begin PBXNativeTarget section */
		AED036F1212C288000204023 /* DetailView */ = {
			isa = PBXNativeTarget;
			buildConfigurationList = AED03704212C288000204023 /* Build configuration list for PBXNativeTarget "DetailView" */;
			buildPhases = (
				88FE40068130C01D4747654F /* [CP] Check Pods Manifest.lock */,
				AED036EE212C288000204023 /* Sources */,
				AED036EF212C288000204023 /* Frameworks */,
				AED036F0212C288000204023 /* Resources */,
				FC8BC599BCC5E8245A00B65B /* [CP] Embed Pods Frameworks */,
				C1FABEB4D7A9DF6746719B9E /* [CP] Copy Pods Resources */,
			);
			buildRules = (
			);
			dependencies = (
			);
			name = DetailView;
			productName = DetailView;
			productReference = AED036F2212C288000204023 /* DetailView.app */;
			productType = "com.apple.product-type.application";
		};
/* End PBXNativeTarget section */

/* Begin PBXProject section */
		AED036EA212C287F00204023 /* Project object */ = {
			isa = PBXProject;
			attributes = {
				LastSwiftUpdateCheck = 0920;
				LastUpgradeCheck = 0920;
				ORGANIZATIONNAME = iDev;
				TargetAttributes = {
					AED036F1212C288000204023 = {
						CreatedOnToolsVersion = 9.2;
						ProvisioningStyle = Automatic;
					};
				};
			};
			buildConfigurationList = AED036ED212C287F00204023 /* Build configuration list for PBXProject "DetailView" */;
			compatibilityVersion = "Xcode 8.0";
			developmentRegion = en;
			hasScannedForEncodings = 0;
			knownRegions = (
				en,
				Base,
			);
			mainGroup = AED036E9212C287F00204023;
			productRefGroup = AED036F3212C288000204023 /* Products */;
			projectDirPath = "";
			projectRoot = "";
			targets = (
				AED036F1212C288000204023 /* DetailView */,
			);
		};
/* End PBXProject section */

/* Begin PBXResourcesBuildPhase section */
		AED036F0212C288000204023 /* Resources */ = {
			isa = PBXResourcesBuildPhase;
			buildActionMask = 2147483647;
			files = (
				AED03700212C288000204023 /* LaunchScreen.storyboard in Resources */,
				AED036FD212C288000204023 /* Assets.xcassets in Resources */,
				AED036FB212C288000204023 /* Main.storyboard in Resources */,
			);
			runOnlyForDeploymentPostprocessing = 0;
		};
/* End PBXResourcesBuildPhase section */

/* Begin PBXShellScriptBuildPhase section */
		88FE40068130C01D4747654F /* [CP] Check Pods Manifest.lock */ = {
			isa = PBXShellScriptBuildPhase;
			buildActionMask = 2147483647;
			files = (
			);
			inputPaths = (
				"${PODS_PODFILE_DIR_PATH}/Podfile.lock",
				"${PODS_ROOT}/Manifest.lock",
			);
			name = "[CP] Check Pods Manifest.lock";
			outputPaths = (
				"$(DERIVED_FILE_DIR)/Pods-DetailView-checkManifestLockResult.txt",
			);
			runOnlyForDeploymentPostprocessing = 0;
			shellPath = /bin/sh;
			shellScript = "diff \"${PODS_PODFILE_DIR_PATH}/Podfile.lock\" \"${PODS_ROOT}/Manifest.lock\" > /dev/null\nif [ $? != 0 ] ; then\n    # print error to STDERR\n    echo \"error: The sandbox is not in sync with the Podfile.lock. Run 'pod install' or update your CocoaPods installation.\" >&2\n    exit 1\nfi\n# This output is used by Xcode 'outputs' to avoid re-running this script phase.\necho \"SUCCESS\" > \"${SCRIPT_OUTPUT_FILE_0}\"\n";
			showEnvVarsInLog = 0;
		};
		C1FABEB4D7A9DF6746719B9E /* [CP] Copy Pods Resources */ = {
			isa = PBXShellScriptBuildPhase;
			buildActionMask = 2147483647;
			files = (
			);
			inputPaths = (
			);
			name = "[CP] Copy Pods Resources";
			outputPaths = (
			);
			runOnlyForDeploymentPostprocessing = 0;
			shellPath = /bin/sh;
			shellScript = "\"${SRCROOT}/Pods/Target Support Files/Pods-DetailView/Pods-DetailView-resources.sh\"\n";
			showEnvVarsInLog = 0;
		};
		FC8BC599BCC5E8245A00B65B /* [CP] Embed Pods Frameworks */ = {
			isa = PBXShellScriptBuildPhase;
			buildActionMask = 2147483647;
			files = (
			);
			inputPaths = (
				"${SRCROOT}/Pods/Target Support Files/Pods-DetailView/Pods-DetailView-frameworks.sh",
				"${BUILT_PRODUCTS_DIR}/RKParallaxEffect/RKParallaxEffect.framework",
			);
			name = "[CP] Embed Pods Frameworks";
			outputPaths = (
				"${TARGET_BUILD_DIR}/${FRAMEWORKS_FOLDER_PATH}/RKParallaxEffect.framework",
			);
			runOnlyForDeploymentPostprocessing = 0;
			shellPath = /bin/sh;
			shellScript = "\"${SRCROOT}/Pods/Target Support Files/Pods-DetailView/Pods-DetailView-frameworks.sh\"\n";
			showEnvVarsInLog = 0;
		};
/* End PBXShellScriptBuildPhase section */

/* Begin PBXSourcesBuildPhase section */
		AED036EE212C288000204023 /* Sources */ = {
			isa = PBXSourcesBuildPhase;
			buildActionMask = 2147483647;
			files = (
				AED036F8212C288000204023 /* ViewController.swift in Sources */,
				AE9B68A7212D6762008017C0 /* UserDetails.swift in Sources */,
				AED036F6212C288000204023 /* AppDelegate.swift in Sources */,
			);
			runOnlyForDeploymentPostprocessing = 0;
		};
/* End PBXSourcesBuildPhase section */

/* Begin PBXVariantGroup section */
		AED036F9212C288000204023 /* Main.storyboard */ = {
			isa = PBXVariantGroup;
			children = (
				AED036FA212C288000204023 /* Base */,
			);
			name = Main.storyboard;
			sourceTree = "<group>";
		};
		AED036FE212C288000204023 /* LaunchScreen.storyboard */ = {
			isa = PBXVariantGroup;
			children = (
				AED036FF212C288000204023 /* Base */,
			);
			name = LaunchScreen.storyboard;
			sourceTree = "<group>";
		};
/* End PBXVariantGroup section */

/* Begin XCBuildConfiguration section */
		AED03702212C288000204023 /* Debug */ = {
			isa = XCBuildConfiguration;
			buildSettings = {
				ALWAYS_SEARCH_USER_PATHS = NO;
				CLANG_ANALYZER_NONNULL = YES;
				CLANG_ANALYZER_NUMBER_OBJECT_CONVERSION = YES_AGGRESSIVE;
				CLANG_CXX_LANGUAGE_STANDARD = "gnu++14";
				CLANG_CXX_LIBRARY = "libc++";
				CLANG_ENABLE_MODULES = YES;
				CLANG_ENABLE_OBJC_ARC = YES;
				CLANG_WARN_BLOCK_CAPTURE_AUTORELEASING = YES;
				CLANG_WARN_BOOL_CONVERSION = YES;
				CLANG_WARN_COMMA = YES;
				CLANG_WARN_CONSTANT_CONVERSION = YES;
				CLANG_WARN_DIRECT_OBJC_ISA_USAGE = YES_ERROR;
				CLANG_WARN_DOCUMENTATION_COMMENTS = YES;
				CLANG_WARN_EMPTY_BODY = YES;
				CLANG_WARN_ENUM_CONVERSION = YES;
				CLANG_WARN_INFINITE_RECURSION = YES;
				CLANG_WARN_INT_CONVERSION = YES;
				CLANG_WARN_NON_LITERAL_NULL_CONVERSION = YES;
				CLANG_WARN_OBJC_LITERAL_CONVERSION = YES;
				CLANG_WARN_OBJC_ROOT_CLASS = YES_ERROR;
				CLANG_WARN_RANGE_LOOP_ANALYSIS = YES;
				CLANG_WARN_STRICT_PROTOTYPES = YES;
				CLANG_WARN_SUSPICIOUS_MOVE = YES;
				CLANG_WARN_UNGUARDED_AVAILABILITY = YES_AGGRESSIVE;
				CLANG_WARN_UNREACHABLE_CODE = YES;
				CLANG_WARN__DUPLICATE_METHOD_MATCH = YES;
				CODE_SIGN_IDENTITY = "iPhone Developer";
				COPY_PHASE_STRIP = NO;
				DEBUG_INFORMATION_FORMAT = dwarf;
				ENABLE_STRICT_OBJC_MSGSEND = YES;
				ENABLE_TESTABILITY = YES;
				GCC_C_LANGUAGE_STANDARD = gnu11;
				GCC_DYNAMIC_NO_PIC = NO;
				GCC_NO_COMMON_BLOCKS = YES;
				GCC_OPTIMIZATION_LEVEL = 0;
				GCC_PREPROCESSOR_DEFINITIONS = (
					"DEBUG=1",
					"$(inherited)",
				);
				GCC_WARN_64_TO_32_BIT_CONVERSION = YES;
				GCC_WARN_ABOUT_RETURN_TYPE = YES_ERROR;
				GCC_WARN_UNDECLARED_SELECTOR = YES;
				GCC_WARN_UNINITIALIZED_AUTOS = YES_AGGRESSIVE;
				GCC_WARN_UNUSED_FUNCTION = YES;
				GCC_WARN_UNUSED_VARIABLE = YES;
				IPHONEOS_DEPLOYMENT_TARGET = 11.2;
				MTL_ENABLE_DEBUG_INFO = YES;
				ONLY_ACTIVE_ARCH = YES;
				SDKROOT = iphoneos;
				SWIFT_ACTIVE_COMPILATION_CONDITIONS = DEBUG;
				SWIFT_OPTIMIZATION_LEVEL = "-Onone";
			};
			name = Debug;
		};
		AED03703212C288000204023 /* Release */ = {
			isa = XCBuildConfiguration;
			buildSettings = {
				ALWAYS_SEARCH_USER_PATHS = NO;
				CLANG_ANALYZER_NONNULL = YES;
				CLANG_ANALYZER_NUMBER_OBJECT_CONVERSION = YES_AGGRESSIVE;
				CLANG_CXX_LANGUAGE_STANDARD = "gnu++14";
				CLANG_CXX_LIBRARY = "libc++";
				CLANG_ENABLE_MODULES = YES;
				CLANG_ENABLE_OBJC_ARC = YES;
				CLANG_WARN_BLOCK_CAPTURE_AUTORELEASING = YES;
				CLANG_WARN_BOOL_CONVERSION = YES;
				CLANG_WARN_COMMA = YES;
				CLANG_WARN_CONSTANT_CONVERSION = YES;
				CLANG_WARN_DIRECT_OBJC_ISA_USAGE = YES_ERROR;
				CLANG_WARN_DOCUMENTATION_COMMENTS = YES;
				CLANG_WARN_EMPTY_BODY = YES;
				CLANG_WARN_ENUM_CONVERSION = YES;
				CLANG_WARN_INFINITE_RECURSION = YES;
				CLANG_WARN_INT_CONVERSION = YES;
				CLANG_WARN_NON_LITERAL_NULL_CONVERSION = YES;
				CLANG_WARN_OBJC_LITERAL_CONVERSION = YES;
				CLANG_WARN_OBJC_ROOT_CLASS = YES_ERROR;
				CLANG_WARN_RANGE_LOOP_ANALYSIS = YES;
				CLANG_WARN_STRICT_PROTOTYPES = YES;
				CLANG_WARN_SUSPICIOUS_MOVE = YES;
				CLANG_WARN_UNGUARDED_AVAILABILITY = YES_AGGRESSIVE;
				CLANG_WARN_UNREACHABLE_CODE = YES;
				CLANG_WARN__DUPLICATE_METHOD_MATCH = YES;
				CODE_SIGN_IDENTITY = "iPhone Developer";
				COPY_PHASE_STRIP = NO;
				DEBUG_INFORMATION_FORMAT = "dwarf-with-dsym";
				ENABLE_NS_ASSERTIONS = NO;
				ENABLE_STRICT_OBJC_MSGSEND = YES;
				GCC_C_LANGUAGE_STANDARD = gnu11;
				GCC_NO_COMMON_BLOCKS = YES;
				GCC_WARN_64_TO_32_BIT_CONVERSION = YES;
				GCC_WARN_ABOUT_RETURN_TYPE = YES_ERROR;
				GCC_WARN_UNDECLARED_SELECTOR = YES;
				GCC_WARN_UNINITIALIZED_AUTOS = YES_AGGRESSIVE;
				GCC_WARN_UNUSED_FUNCTION = YES;
				GCC_WARN_UNUSED_VARIABLE = YES;
				IPHONEOS_DEPLOYMENT_TARGET = 11.2;
				MTL_ENABLE_DEBUG_INFO = NO;
				SDKROOT = iphoneos;
				SWIFT_OPTIMIZATION_LEVEL = "-Owholemodule";
				VALIDATE_PRODUCT = YES;
			};
			name = Release;
		};
		AED03705212C288000204023 /* Debug */ = {
			isa = XCBuildConfiguration;
			baseConfigurationReference = F697315F2C19EF1F061ED3A3 /* Pods-DetailView.debug.xcconfig */;
			buildSettings = {
				ASSETCATALOG_COMPILER_APPICON_NAME = AppIcon;
				CODE_SIGN_STYLE = Automatic;
				DEVELOPMENT_TEAM = J6LPTF9P9H;
				INFOPLIST_FILE = DetailView/Info.plist;
				IPHONEOS_DEPLOYMENT_TARGET = 10.0;
				LD_RUNPATH_SEARCH_PATHS = "$(inherited) @executable_path/Frameworks";
				PRODUCT_BUNDLE_IDENTIFIER = iDev.com.DetailView;
				PRODUCT_NAME = "$(TARGET_NAME)";
				SWIFT_VERSION = 4.0;
				TARGETED_DEVICE_FAMILY = "1,2";
			};
			name = Debug;
		};
		AED03706212C288000204023 /* Release */ = {
			isa = XCBuildConfiguration;
			baseConfigurationReference = 3FE7A96CA219E5E554C4CBDF /* Pods-DetailView.release.xcconfig */;
			buildSettings = {
				ASSETCATALOG_COMPILER_APPICON_NAME = AppIcon;
				CODE_SIGN_STYLE = Automatic;
				DEVELOPMENT_TEAM = J6LPTF9P9H;
				INFOPLIST_FILE = DetailView/Info.plist;
				IPHONEOS_DEPLOYMENT_TARGET = 10.0;
				LD_RUNPATH_SEARCH_PATHS = "$(inherited) @executable_path/Frameworks";
				PRODUCT_BUNDLE_IDENTIFIER = iDev.com.DetailView;
				PRODUCT_NAME = "$(TARGET_NAME)";
				SWIFT_VERSION = 4.0;
				TARGETED_DEVICE_FAMILY = "1,2";
			};
			name = Release;
		};
/* End XCBuildConfiguration section */

/* Begin XCConfigurationList section */
		AED036ED212C287F00204023 /* Build configuration list for PBXProject "DetailView" */ = {
			isa = XCConfigurationList;
			buildConfigurations = (
				AED03702212C288000204023 /* Debug */,
				AED03703212C288000204023 /* Release */,
			);
			defaultConfigurationIsVisible = 0;
			defaultConfigurationName = Release;
		};
		AED03704212C288000204023 /* Build configuration list for PBXNativeTarget "DetailView" */ = {
			isa = XCConfigurationList;
			buildConfigurations = (
				AED03705212C288000204023 /* Debug */,
				AED03706212C288000204023 /* Release */,
			);
			defaultConfigurationIsVisible = 0;
			defaultConfigurationName = Release;
		};
/* End XCConfigurationList section */
	};
	rootObject = AED036EA212C287F00204023 /* Project object */;
}
